
Microsoft Visual Studio Solution File, Format Version 12.00
# Visual Studio Version 17
VisualStudioVersion = 17.8.34322.80
MinimumVisualStudioVersion = 10.0.40219.1
Project("{9A19103F-16F7-4668-BE54-9A1E7A4F7556}") = "GenericsSetDictionarys", "GenericsSetDictionarys.csproj", "{3BA2DA9D-EF2C-4FDC-B23E-20F78316C980}"
EndProject
Project("{9A19103F-16F7-4668-BE54-9A1E7A4F7556}") = "HashSet", "..\HashSet\HashSet.csproj", "{886FCCFF-E6B9-4AE8-B390-D31542DB0914}"
EndProject
Project("{9A19103F-16F7-4668-BE54-9A1E7A4F7556}") = "SortedSet", "..\SortedSet\SortedSet.csproj", "{A73365FD-D3C1-44C5-B858-F625A6BA30A2}"
EndProject
Project("{9A19103F-16F7-4668-BE54-9A1E7A4F7556}") = "ComparacaoNoSet", "..\ComparacaoNoSet\ComparacaoNoSet.csproj", "{59466A5E-548F-4109-8FC4-751746989B24}"
EndProject
Project("{9A19103F-16F7-4668-BE54-9A1E7A4F7556}") = "Exercicio", "..\Exercicio\Exercicio.csproj", "{805E9150-ECD3-4E55-9F12-F75EF464CE20}"
EndProject
Project("{9A19103F-16F7-4668-BE54-9A1E7A4F7556}") = "Dictionarys", "..\Dictionarys\Dictionarys.csproj", "{9BAD206C-615E-45A9-BFB1-65F2AEE3BEAC}"
EndProject
Project("{9A19103F-16F7-4668-BE54-9A1E7A4F7556}") = "Comparison", "..\Comparison\Comparison.csproj", "{EB1D923A-77CF-4A18-B760-B96FA81AF05E}"
EndProject
Project("{9A19103F-16F7-4668-BE54-9A1E7A4F7556}") = "Delegates1", "..\Delegates1\Delegates1.csproj", "{D60BBB18-9F75-4DE3-9339-14FA5267CAEB}"
EndProject
Project("{9A19103F-16F7-4668-BE54-9A1E7A4F7556}") = "MulticastDelegates", "..\MulticastDelegates\MulticastDelegates.csproj", "{075D6BF6-7B96-4B9D-9890-46A79FB18CEC}"
EndProject
Project("{9A19103F-16F7-4668-BE54-9A1E7A4F7556}") = "Predicate", "..\Predicate\Predicate.csproj", "{AEA43D6D-8F41-4DBC-B476-17E200410DC0}"
EndProject
Project("{FAE04EC0-301F-11D3-BF4B-00C04F79EFBC}") = "Action", "..\Action\Action.csproj", "{B5D582B6-766D-43B5-A943-500EE0DCD802}"
EndProject
Project("{FAE04EC0-301F-11D3-BF4B-00C04F79EFBC}") = "ActionTeste", "..\ActionTeste\ActionTeste.csproj", "{755CA92D-DF96-4425-859F-CA6073FDE15D}"
EndProject
Global
	GlobalSection(SolutionConfigurationPlatforms) = preSolution
		Debug|Any CPU = Debug|Any CPU
		Release|Any CPU = Release|Any CPU
	EndGlobalSection
	GlobalSection(ProjectConfigurationPlatforms) = postSolution
		{3BA2DA9D-EF2C-4FDC-B23E-20F78316C980}.Debug|Any CPU.ActiveCfg = Debug|Any CPU
		{3BA2DA9D-EF2C-4FDC-B23E-20F78316C980}.Debug|Any CPU.Build.0 = Debug|Any CPU
		{3BA2DA9D-EF2C-4FDC-B23E-20F78316C980}.Release|Any CPU.ActiveCfg = Release|Any CPU
		{3BA2DA9D-EF2C-4FDC-B23E-20F78316C980}.Release|Any CPU.Build.0 = Release|Any CPU
		{886FCCFF-E6B9-4AE8-B390-D31542DB0914}.Debug|Any CPU.ActiveCfg = Debug|Any CPU
		{886FCCFF-E6B9-4AE8-B390-D31542DB0914}.Debug|Any CPU.Build.0 = Debug|Any CPU
		{886FCCFF-E6B9-4AE8-B390-D31542DB0914}.Release|Any CPU.ActiveCfg = Release|Any CPU
		{886FCCFF-E6B9-4AE8-B390-D31542DB0914}.Release|Any CPU.Build.0 = Release|Any CPU
		{A73365FD-D3C1-44C5-B858-F625A6BA30A2}.Debug|Any CPU.ActiveCfg = Debug|Any CPU
		{A73365FD-D3C1-44C5-B858-F625A6BA30A2}.Debug|Any CPU.Build.0 = Debug|Any CPU
		{A73365FD-D3C1-44C5-B858-F625A6BA30A2}.Release|Any CPU.ActiveCfg = Release|Any CPU
		{A73365FD-D3C1-44C5-B858-F625A6BA30A2}.Release|Any CPU.Build.0 = Release|Any CPU
		{59466A5E-548F-4109-8FC4-751746989B24}.Debug|Any CPU.ActiveCfg = Debug|Any CPU
		{59466A5E-548F-4109-8FC4-751746989B24}.Debug|Any CPU.Build.0 = Debug|Any CPU
		{59466A5E-548F-4109-8FC4-751746989B24}.Release|Any CPU.ActiveCfg = Release|Any CPU
		{59466A5E-548F-4109-8FC4-751746989B24}.Release|Any CPU.Build.0 = Release|Any CPU
		{805E9150-ECD3-4E55-9F12-F75EF464CE20}.Debug|Any CPU.ActiveCfg = Debug|Any CPU
		{805E9150-ECD3-4E55-9F12-F75EF464CE20}.Debug|Any CPU.Build.0 = Debug|Any CPU
		{805E9150-ECD3-4E55-9F12-F75EF464CE20}.Release|Any CPU.ActiveCfg = Release|Any CPU
		{805E9150-ECD3-4E55-9F12-F75EF464CE20}.Release|Any CPU.Build.0 = Release|Any CPU
		{9BAD206C-615E-45A9-BFB1-65F2AEE3BEAC}.Debug|Any CPU.ActiveCfg = Debug|Any CPU
		{9BAD206C-615E-45A9-BFB1-65F2AEE3BEAC}.Debug|Any CPU.Build.0 = Debug|Any CPU
		{9BAD206C-615E-45A9-BFB1-65F2AEE3BEAC}.Release|Any CPU.ActiveCfg = Release|Any CPU
		{9BAD206C-615E-45A9-BFB1-65F2AEE3BEAC}.Release|Any CPU.Build.0 = Release|Any CPU
		{EB1D923A-77CF-4A18-B760-B96FA81AF05E}.Debug|Any CPU.ActiveCfg = Debug|Any CPU
		{EB1D923A-77CF-4A18-B760-B96FA81AF05E}.Debug|Any CPU.Build.0 = Debug|Any CPU
		{EB1D923A-77CF-4A18-B760-B96FA81AF05E}.Release|Any CPU.ActiveCfg = Release|Any CPU
		{EB1D923A-77CF-4A18-B760-B96FA81AF05E}.Release|Any CPU.Build.0 = Release|Any CPU
		{D60BBB18-9F75-4DE3-9339-14FA5267CAEB}.Debug|Any CPU.ActiveCfg = Debug|Any CPU
		{D60BBB18-9F75-4DE3-9339-14FA5267CAEB}.Debug|Any CPU.Build.0 = Debug|Any CPU
		{D60BBB18-9F75-4DE3-9339-14FA5267CAEB}.Release|Any CPU.ActiveCfg = Release|Any CPU
		{D60BBB18-9F75-4DE3-9339-14FA5267CAEB}.Release|Any CPU.Build.0 = Release|Any CPU
		{075D6BF6-7B96-4B9D-9890-46A79FB18CEC}.Debug|Any CPU.ActiveCfg = Debug|Any CPU
		{075D6BF6-7B96-4B9D-9890-46A79FB18CEC}.Debug|Any CPU.Build.0 = Debug|Any CPU
		{075D6BF6-7B96-4B9D-9890-46A79FB18CEC}.Release|Any CPU.ActiveCfg = Release|Any CPU
		{075D6BF6-7B96-4B9D-9890-46A79FB18CEC}.Release|Any CPU.Build.0 = Release|Any CPU
		{AEA43D6D-8F41-4DBC-B476-17E200410DC0}.Debug|Any CPU.ActiveCfg = Debug|Any CPU
		{AEA43D6D-8F41-4DBC-B476-17E200410DC0}.Debug|Any CPU.Build.0 = Debug|Any CPU
		{AEA43D6D-8F41-4DBC-B476-17E200410DC0}.Release|Any CPU.ActiveCfg = Release|Any CPU
		{AEA43D6D-8F41-4DBC-B476-17E200410DC0}.Release|Any CPU.Build.0 = Release|Any CPU
		{B5D582B6-766D-43B5-A943-500EE0DCD802}.Debug|Any CPU.ActiveCfg = Debug|Any CPU
		{B5D582B6-766D-43B5-A943-500EE0DCD802}.Debug|Any CPU.Build.0 = Debug|Any CPU
		{B5D582B6-766D-43B5-A943-500EE0DCD802}.Release|Any CPU.ActiveCfg = Release|Any CPU
		{B5D582B6-766D-43B5-A943-500EE0DCD802}.Release|Any CPU.Build.0 = Release|Any CPU
		{755CA92D-DF96-4425-859F-CA6073FDE15D}.Debug|Any CPU.ActiveCfg = Debug|Any CPU
		{755CA92D-DF96-4425-859F-CA6073FDE15D}.Debug|Any CPU.Build.0 = Debug|Any CPU
		{755CA92D-DF96-4425-859F-CA6073FDE15D}.Release|Any CPU.ActiveCfg = Release|Any CPU
		{755CA92D-DF96-4425-859F-CA6073FDE15D}.Release|Any CPU.Build.0 = Release|Any CPU
	EndGlobalSection
	GlobalSection(SolutionProperties) = preSolution
		HideSolutionNode = FALSE
	EndGlobalSection
	GlobalSection(ExtensibilityGlobals) = postSolution
		SolutionGuid = {7BD3A204-D845-4F24-B161-799614B23BBA}
	EndGlobalSection
EndGlobal
